
Microsoft Visual Studio Solution File, Format Version 12.00
# Visual Studio Version 16
VisualStudioVersion = 16.0.29409.12
MinimumVisualStudioVersion = 10.0.40219.1
Project("{FAE04EC0-301F-11D3-BF4B-00C04F79EFBC}") = "ServerProgram", "ServerProgram\ServerProgram.csproj", "{F6C992D4-6F61-4481-A460-6ED904959040}"
EndProject
Global
	GlobalSection(SolutionConfigurationPlatforms) = preSolution
		Debug|Any CPU = Debug|Any CPU
		Release|Any CPU = Release|Any CPU
	EndGlobalSection
	GlobalSection(ProjectConfigurationPlatforms) = postSolution
		{F6C992D4-6F61-4481-A460-6ED904959040}.Debug|Any CPU.ActiveCfg = Debug|Any CPU
		{F6C992D4-6F61-4481-A460-6ED904959040}.Debug|Any CPU.Build.0 = Debug|Any CPU
		{F6C992D4-6F61-4481-A460-6ED904959040}.Release|Any CPU.ActiveCfg = Release|Any CPU
		{F6C992D4-6F61-4481-A460-6ED904959040}.Release|Any CPU.Build.0 = Release|Any CPU
	EndGlobalSection
	GlobalSection(SolutionProperties) = preSolution
		HideSolutionNode = FALSE
	EndGlobalSection
	GlobalSection(ExtensibilityGlobals) = postSolution
		SolutionGuid = {D54FE89B-476B-4B29-9505-87FE789B6E77}
	EndGlobalSection
EndGlobal
